// !$*UTF8*$!
{
	archiveVersion = 1;
	classes = {
	};
	objectVersion = 46;
	objects = {

/* Begin PBXBuildFile section */
		65A345E61B0E9239006247FC /* main.m in Sources */ = {isa = PBXBuildFile; fileRef = 65A345E51B0E9239006247FC /* main.m */; };
		65A345E91B0E9239006247FC /* AppDelegate.m in Sources */ = {isa = PBXBuildFile; fileRef = 65A345E81B0E9239006247FC /* AppDelegate.m */; };
		65A345EC1B0E9239006247FC /* ViewController.m in Sources */ = {isa = PBXBuildFile; fileRef = 65A345EB1B0E9239006247FC /* ViewController.m */; };
		65A345EF1B0E9239006247FC /* Main.storyboard in Resources */ = {isa = PBXBuildFile; fileRef = 65A345ED1B0E9239006247FC /* Main.storyboard */; };
		65A345F11B0E9239006247FC /* Images.xcassets in Resources */ = {isa = PBXBuildFile; fileRef = 65A345F01B0E9239006247FC /* Images.xcassets */; };
		65A345F41B0E9239006247FC /* LaunchScreen.xib in Resources */ = {isa = PBXBuildFile; fileRef = 65A345F21B0E9239006247FC /* LaunchScreen.xib */; };
		65A346001B0E9239006247FC /* mapView_searchTests.m in Sources */ = {isa = PBXBuildFile; fileRef = 65A345FF1B0E9239006247FC /* mapView_searchTests.m */; };
		65A3460A1B0E9241006247FC /* MapKit.framework in Frameworks */ = {isa = PBXBuildFile; fileRef = 65A346091B0E9241006247FC /* MapKit.framework */; };
/* End PBXBuildFile section */

/* Begin PBXContainerItemProxy section */
		65A345FA1B0E9239006247FC /* PBXContainerItemProxy */ = {
			isa = PBXContainerItemProxy;
			containerPortal = 65A345D81B0E9238006247FC /* Project object */;
			proxyType = 1;
			remoteGlobalIDString = 65A345DF1B0E9238006247FC;
			remoteInfo = mapView_search;
		};
/* End PBXContainerItemProxy section */

/* Begin PBXFileReference section */
		65A345E01B0E9238006247FC /* mapView_search.app */ = {isa = PBXFileReference; explicitFileType = wrapper.application; includeInIndex = 0; path = mapView_search.app; sourceTree = BUILT_PRODUCTS_DIR; };
		65A345E41B0E9239006247FC /* Info.plist */ = {isa = PBXFileReference; lastKnownFileType = text.plist.xml; path = Info.plist; sourceTree = "<group>"; };
		65A345E51B0E9239006247FC /* main.m */ = {isa = PBXFileReference; lastKnownFileType = sourcecode.c.objc; path = main.m; sourceTree = "<group>"; };
		65A345E71B0E9239006247FC /* AppDelegate.h */ = {isa = PBXFileReference; lastKnownFileType = sourcecode.c.h; path = AppDelegate.h; sourceTree = "<group>"; };
		65A345E81B0E9239006247FC /* AppDelegate.m */ = {isa = PBXFileReference; lastKnownFileType = sourcecode.c.objc; path = AppDelegate.m; sourceTree = "<group>"; };
		65A345EA1B0E9239006247FC /* ViewController.h */ = {isa = PBXFileReference; lastKnownFileType = sourcecode.c.h; path = ViewController.h; sourceTree = "<group>"; };
		65A345EB1B0E9239006247FC /* ViewController.m */ = {isa = PBXFileReference; lastKnownFileType = sourcecode.c.objc; path = ViewController.m; sourceTree = "<group>"; };
		65A345EE1B0E9239006247FC /* Base */ = {isa = PBXFileReference; lastKnownFileType = file.storyboard; name = Base; path = Base.lproj/Main.storyboard; sourceTree = "<group>"; };
		65A345F01B0E9239006247FC /* Images.xcassets */ = {isa = PBXFileReference; lastKnownFileType = folder.assetcatalog; path = Images.xcassets; sourceTree = "<group>"; };
		65A345F31B0E9239006247FC /* Base */ = {isa = PBXFileReference; lastKnownFileType = file.xib; name = Base; path = Base.lproj/LaunchScreen.xib; sourceTree = "<group>"; };
		65A345F91B0E9239006247FC /* mapView_searchTests.xctest */ = {isa = PBXFileReference; explicitFileType = wrapper.cfbundle; includeInIndex = 0; path = mapView_searchTests.xctest; sourceTree = BUILT_PRODUCTS_DIR; };
		65A345FE1B0E9239006247FC /* Info.plist */ = {isa = PBXFileReference; lastKnownFileType = text.plist.xml; path = Info.plist; sourceTree = "<group>"; };
		65A345FF1B0E9239006247FC /* mapView_searchTests.m */ = {isa = PBXFileReference; lastKnownFileType = sourcecode.c.objc; path = mapView_searchTests.m; sourceTree = "<group>"; };
		65A346091B0E9241006247FC /* MapKit.framework */ = {isa = PBXFileReference; lastKnownFileType = wrapper.framework; name = MapKit.framework; path = System/Library/Frameworks/MapKit.framework; sourceTree = SDKROOT; };
/* End PBXFileReference section */

/* Begin PBXFrameworksBuildPhase section */
		65A345DD1B0E9238006247FC /* Frameworks */ = {
			isa = PBXFrameworksBuildPhase;
			buildActionMask = 2147483647;
			files = (
				65A3460A1B0E9241006247FC /* MapKit.framework in Frameworks */,
			);
			runOnlyForDeploymentPostprocessing = 0;
		};
		65A345F61B0E9239006247FC /* Frameworks */ = {
			isa = PBXFrameworksBuildPhase;
			buildActionMask = 2147483647;
			files = (
			);
			runOnlyForDeploymentPostprocessing = 0;
		};
/* End PBXFrameworksBuildPhase section */

/* Begin PBXGroup section */
		65A345D71B0E9238006247FC = {
			isa = PBXGroup;
			children = (
				65A346091B0E9241006247FC /* MapKit.framework */,
				65A345E21B0E9238006247FC /* mapView_search */,
				65A345FC1B0E9239006247FC /* mapView_searchTests */,
				65A345E11B0E9238006247FC /* Products */,
			);
			sourceTree = "<group>";
		};
		65A345E11B0E9238006247FC /* Products */ = {
			isa = PBXGroup;
			children = (
				65A345E01B0E9238006247FC /* mapView_search.app */,
				65A345F91B0E9239006247FC /* mapView_searchTests.xctest */,
			);
			name = Products;
			sourceTree = "<group>";
		};
		65A345E21B0E9238006247FC /* mapView_search */ = {
			isa = PBXGroup;
			children = (
				65A345E71B0E9239006247FC /* AppDelegate.h */,
				65A345E81B0E9239006247FC /* AppDelegate.m */,
				65A345EA1B0E9239006247FC /* ViewController.h */,
				65A345EB1B0E9239006247FC /* ViewController.m */,
				65A345ED1B0E9239006247FC /* Main.storyboard */,
				65A345F01B0E9239006247FC /* Images.xcassets */,
				65A345F21B0E9239006247FC /* LaunchScreen.xib */,
				65A345E31B0E9239006247FC /* Supporting Files */,
			);
			path = mapView_search;
			sourceTree = "<group>";
		};
		65A345E31B0E9239006247FC /* Supporting Files */ = {
			isa = PBXGroup;
			children = (
				65A345E41B0E9239006247FC /* Info.plist */,
				65A345E51B0E9239006247FC /* main.m */,
			);
			name = "Supporting Files";
			sourceTree = "<group>";
		};
		65A345FC1B0E9239006247FC /* mapView_searchTests */ = {
			isa = PBXGroup;
			children = (
				65A345FF1B0E9239006247FC /* mapView_searchTests.m */,
				65A345FD1B0E9239006247FC /* Supporting Files */,
			);
			path = mapView_searchTests;
			sourceTree = "<group>";
		};
		65A345FD1B0E9239006247FC /* Supporting Files */ = {
			isa = PBXGroup;
			children = (
				65A345FE1B0E9239006247FC /* Info.plist */,
			);
			name = "Supporting Files";
			sourceTree = "<group>";
		};
/* End PBXGroup section */

/* Begin PBXNativeTarget section */
		65A345DF1B0E9238006247FC /* mapView_search */ = {
			isa = PBXNativeTarget;
			buildConfigurationList = 65A346031B0E9239006247FC /* Build configuration list for PBXNativeTarget "mapView_search" */;
			buildPhases = (
				65A345DC1B0E9238006247FC /* Sources */,
				65A345DD1B0E9238006247FC /* Frameworks */,
				65A345DE1B0E9238006247FC /* Resources */,
			);
			buildRules = (
			);
			dependencies = (
			);
			name = mapView_search;
			productName = mapView_search;
			productReference = 65A345E01B0E9238006247FC /* mapView_search.app */;
			productType = "com.apple.product-type.application";
		};
		65A345F81B0E9239006247FC /* mapView_searchTests */ = {
			isa = PBXNativeTarget;
			buildConfigurationList = 65A346061B0E9239006247FC /* Build configuration list for PBXNativeTarget "mapView_searchTests" */;
			buildPhases = (
				65A345F51B0E9239006247FC /* Sources */,
				65A345F61B0E9239006247FC /* Frameworks */,
				65A345F71B0E9239006247FC /* Resources */,
			);
			buildRules = (
			);
			dependencies = (
				65A345FB1B0E9239006247FC /* PBXTargetDependency */,
			);
			name = mapView_searchTests;
			productName = mapView_searchTests;
			productReference = 65A345F91B0E9239006247FC /* mapView_searchTests.xctest */;
			productType = "com.apple.product-type.bundle.unit-test";
		};
/* End PBXNativeTarget section */

/* Begin PBXProject section */
		65A345D81B0E9238006247FC /* Project object */ = {
			isa = PBXProject;
			attributes = {
				LastUpgradeCheck = 0630;
				ORGANIZATIONNAME = "Franclin Cabral";
				TargetAttributes = {
					65A345DF1B0E9238006247FC = {
						CreatedOnToolsVersion = 6.3.1;
						SystemCapabilities = {
							com.apple.Maps.iOS = {
								enabled = 1;
							};
						};
					};
					65A345F81B0E9239006247FC = {
						CreatedOnToolsVersion = 6.3.1;
						TestTargetID = 65A345DF1B0E9238006247FC;
					};
				};
			};
			buildConfigurationList = 65A345DB1B0E9238006247FC /* Build configuration list for PBXProject "mapView_search" */;
			compatibilityVersion = "Xcode 3.2";
			developmentRegion = English;
			hasScannedForEncodings = 0;
			knownRegions = (
				en,
				Base,
			);
			mainGroup = 65A345D71B0E9238006247FC;
			productRefGroup = 65A345E11B0E9238006247FC /* Products */;
			projectDirPath = "";
			projectRoot = "";
			targets = (
				65A345DF1B0E9238006247FC /* mapView_search */,
				65A345F81B0E9239006247FC /* mapView_searchTests */,
			);
		};
/* End PBXProject section */

/* Begin PBXResourcesBuildPhase section */
		65A345DE1B0E9238006247FC /* Resources */ = {
			isa = PBXResourcesBuildPhase;
			buildActionMask = 2147483647;
			files = (
				65A345EF1B0E9239006247FC /* Main.storyboard in Resources */,
				65A345F41B0E9239006247FC /* LaunchScreen.xib in Resources */,
				65A345F11B0E9239006247FC /* Images.xcassets in Resources */,
			);
			runOnlyForDeploymentPostprocessing = 0;
		};
		65A345F71B0E9239006247FC /* Resources */ = {
			isa = PBXResourcesBuildPhase;
			buildActionMask = 2147483647;
			files = (
			);
			runOnlyForDeploymentPostprocessing = 0;
		};
/* End PBXResourcesBuildPhase section */

/* Begin PBXSourcesBuildPhase section */
		65A345DC1B0E9238006247FC /* Sources */ = {
			isa = PBXSourcesBuildPhase;
			buildActionMask = 2147483647;
			files = (
				65A345EC1B0E9239006247FC /* ViewController.m in Sources */,
				65A345E91B0E9239006247FC /* AppDelegate.m in Sources */,
				65A345E61B0E9239006247FC /* main.m in Sources */,
			);
			runOnlyForDeploymentPostprocessing = 0;
		};
		65A345F51B0E9239006247FC /* Sources */ = {
			isa = PBXSourcesBuildPhase;
			buildActionMask = 2147483647;
			files = (
				65A346001B0E9239006247FC /* mapView_searchTests.m in Sources */,
			);
			runOnlyForDeploymentPostprocessing = 0;
		};
/* End PBXSourcesBuildPhase section */

/* Begin PBXTargetDependency section */
		65A345FB1B0E9239006247FC /* PBXTargetDependency */ = {
			isa = PBXTargetDependency;
			target = 65A345DF1B0E9238006247FC /* mapView_search */;
			targetProxy = 65A345FA1B0E9239006247FC /* PBXContainerItemProxy */;
		};
/* End PBXTargetDependency section */

/* Begin PBXVariantGroup section */
		65A345ED1B0E9239006247FC /* Main.storyboard */ = {
			isa = PBXVariantGroup;
			children = (
				65A345EE1B0E9239006247FC /* Base */,
			);
			name = Main.storyboard;
			sourceTree = "<group>";
		};
		65A345F21B0E9239006247FC /* LaunchScreen.xib */ = {
			isa = PBXVariantGroup;
			children = (
				65A345F31B0E9239006247FC /* Base */,
			);
			name = LaunchScreen.xib;
			sourceTree = "<group>";
		};
/* End PBXVariantGroup section */

/* Begin XCBuildConfiguration section */
		65A346011B0E9239006247FC /* Debug */ = {
			isa = XCBuildConfiguration;
			buildSettings = {
				ALWAYS_SEARCH_USER_PATHS = NO;
				CLANG_CXX_LANGUAGE_STANDARD = "gnu++0x";
				CLANG_CXX_LIBRARY = "libc++";
				CLANG_ENABLE_MODULES = YES;
				CLANG_ENABLE_OBJC_ARC = YES;
				CLANG_WARN_BOOL_CONVERSION = YES;
				CLANG_WARN_CONSTANT_CONVERSION = YES;
				CLANG_WARN_DIRECT_OBJC_ISA_USAGE = YES_ERROR;
				CLANG_WARN_EMPTY_BODY = YES;
				CLANG_WARN_ENUM_CONVERSION = YES;
				CLANG_WARN_INT_CONVERSION = YES;
				CLANG_WARN_OBJC_ROOT_CLASS = YES_ERROR;
				CLANG_WARN_UNREACHABLE_CODE = YES;
				CLANG_WARN__DUPLICATE_METHOD_MATCH = YES;
				"CODE_SIGN_IDENTITY[sdk=iphoneos*]" = "iPhone Developer";
				COPY_PHASE_STRIP = NO;
				DEBUG_INFORMATION_FORMAT = "dwarf-with-dsym";
				ENABLE_STRICT_OBJC_MSGSEND = YES;
				GCC_C_LANGUAGE_STANDARD = gnu99;
				GCC_DYNAMIC_NO_PIC = NO;
				GCC_NO_COMMON_BLOCKS = YES;
				GCC_OPTIMIZATION_LEVEL = 0;
				GCC_PREPROCESSOR_DEFINITIONS = (
					"DEBUG=1",
					"$(inherited)",
				);
				GCC_SYMBOLS_PRIVATE_EXTERN = NO;
				GCC_WARN_64_TO_32_BIT_CONVERSION = YES;
				GCC_WARN_ABOUT_RETURN_TYPE = YES_ERROR;
				GCC_WARN_UNDECLARED_SELECTOR = YES;
				GCC_WARN_UNINITIALIZED_AUTOS = YES_AGGRESSIVE;
				GCC_WARN_UNUSED_FUNCTION = YES;
				GCC_WARN_UNUSED_VARIABLE = YES;
				IPHONEOS_DEPLOYMENT_TARGET = 8.3;
				MTL_ENABLE_DEBUG_INFO = YES;
				ONLY_ACTIVE_ARCH = YES;
				SDKROOT = iphoneos;
			};
			name = Debug;
		};
		65A346021B0E9239006247FC /* Release */ = {
			isa = XCBuildConfiguration;
			buildSettings = {
				ALWAYS_SEARCH_USER_PATHS = NO;
				CLANG_CXX_LANGUAGE_STANDARD = "gnu++0x";
				CLANG_CXX_LIBRARY = "libc++";
				CLANG_ENABLE_MODULES = YES;
				CLANG_ENABLE_OBJC_ARC = YES;
				CLANG_WARN_BOOL_CONVERSION = YES;
				CLANG_WARN_CONSTANT_CONVERSION = YES;
				CLANG_WARN_DIRECT_OBJC_ISA_USAGE = YES_ERROR;
				CLANG_WARN_EMPTY_BODY = YES;
				CLANG_WARN_ENUM_CONVERSION = YES;
				CLANG_WARN_INT_CONVERSION = YES;
				CLANG_WARN_OBJC_ROOT_CLASS = YES_ERROR;
				CLANG_WARN_UNREACHABLE_CODE = YES;
				CLANG_WARN__DUPLICATE_METHOD_MATCH = YES;
				"CODE_SIGN_IDENTITY[sdk=iphoneos*]" = "iPhone Developer";
				COPY_PHASE_STRIP = NO;
				DEBUG_INFORMATION_FORMAT = "dwarf-with-dsym";
				ENABLE_NS_ASSERTIONS = NO;
				ENABLE_STRICT_OBJC_MSGSEND = YES;
				GCC_C_LANGUAGE_STANDARD = gnu99;
				GCC_NO_COMMON_BLOCKS = YES;
				GCC_WARN_64_TO_32_BIT_CONVERSION = YES;
				GCC_WARN_ABOUT_RETURN_TYPE = YES_ERROR;
				GCC_WARN_UNDECLARED_SELECTOR = YES;
				GCC_WARN_UNINITIALIZED_AUTOS = YES_AGGRESSIVE;
				GCC_WARN_UNUSED_FUNCTION = YES;
				GCC_WARN_UNUSED_VARIABLE = YES;
				IPHONEOS_DEPLOYMENT_TARGET = 8.3;
				MTL_ENABLE_DEBUG_INFO = NO;
				SDKROOT = iphoneos;
				VALIDATE_PRODUCT = YES;
			};
			name = Release;
		};
		65A346041B0E9239006247FC /* Debug */ = {
			isa = XCBuildConfiguration;
			buildSettings = {
				ASSETCATALOG_COMPILER_APPICON_NAME = AppIcon;
				INFOPLIST_FILE = mapView_search/Info.plist;
				LD_RUNPATH_SEARCH_PATHS = "$(inherited) @executable_path/Frameworks";
				PRODUCT_NAME = "$(TARGET_NAME)";
			};
			name = Debug;
		};
		65A346051B0E9239006247FC /* Release */ = {
			isa = XCBuildConfiguration;
			buildSettings = {
				ASSETCATALOG_COMPILER_APPICON_NAME = AppIcon;
				INFOPLIST_FILE = mapView_search/Info.plist;
				LD_RUNPATH_SEARCH_PATHS = "$(inherited) @executable_path/Frameworks";
				PRODUCT_NAME = "$(TARGET_NAME)";
			};
			name = Release;
		};
		65A346071B0E9239006247FC /* Debug */ = {
			isa = XCBuildConfiguration;
			buildSettings = {
				BUNDLE_LOADER = "$(TEST_HOST)";
				FRAMEWORK_SEARCH_PATHS = (
					"$(SDKROOT)/Developer/Library/Frameworks",
					"$(inherited)",
				);
				GCC_PREPROCESSOR_DEFINITIONS = (
					"DEBUG=1",
					"$(inherited)",
				);
				INFOPLIST_FILE = mapView_searchTests/Info.plist;
				LD_RUNPATH_SEARCH_PATHS = "$(inherited) @executable_path/Frameworks @loader_path/Frameworks";
				PRODUCT_NAME = "$(TARGET_NAME)";
				TEST_HOST = "$(BUILT_PRODUCTS_DIR)/mapView_search.app/mapView_search";
			};
			name = Debug;
		};
		65A346081B0E9239006247FC /* Release */ = {
			isa = XCBuildConfiguration;
			buildSettings = {
				BUNDLE_LOADER = "$(TEST_HOST)";
				FRAMEWORK_SEARCH_PATHS = (
					"$(SDKROOT)/Developer/Library/Frameworks",
					"$(inherited)",
				);
				INFOPLIST_FILE = mapView_searchTests/Info.plist;
				LD_RUNPATH_SEARCH_PATHS = "$(inherited) @executable_path/Frameworks @loader_path/Frameworks";
				PRODUCT_NAME = "$(TARGET_NAME)";
				TEST_HOST = "$(BUILT_PRODUCTS_DIR)/mapView_search.app/mapView_search";
			};
			name = Release;
		};
/* End XCBuildConfiguration section */

/* Begin XCConfigurationList section */
		65A345DB1B0E9238006247FC /* Build configuration list for PBXProject "mapView_search" */ = {
			isa = XCConfigurationList;
			buildConfigurations = (
				65A346011B0E9239006247FC /* Debug */,
				65A346021B0E9239006247FC /* Release */,
			);
			defaultConfigurationIsVisible = 0;
			defaultConfigurationName = Release;
		};
		65A346031B0E9239006247FC /* Build configuration list for PBXNativeTarget "mapView_search" */ = {
			isa = XCConfigurationList;
			buildConfigurations = (
				65A346041B0E9239006247FC /* Debug */,
				65A346051B0E9239006247FC /* Release */,
			);
			defaultConfigurationIsVisible = 0;
		};
		65A346061B0E9239006247FC /* Build configuration list for PBXNativeTarget "mapView_searchTests" */ = {
			isa = XCConfigurationList;
			buildConfigurations = (
				65A346071B0E9239006247FC /* Debug */,
				65A346081B0E9239006247FC /* Release */,
			);
			defaultConfigurationIsVisible = 0;
		};
/* End XCConfigurationList section */
	};
	rootObject = 65A345D81B0E9238006247FC /* Project object */;
}
